// !$*UTF8*$!
{
	archiveVersion = 1;
	classes = {
	};
	objectVersion = 46;
	objects = {

/* Begin PBXBuildFile section */
		9501BDAB1CD11B7B0003EB7A /* calculator-main.cpp in Sources */ = {isa = PBXBuildFile; fileRef = 9501BDAA1CD11B7B0003EB7A /* calculator-main.cpp */; };
		9501BDD51CDA547F0003EB7A /* calculation.h in Sources */ = {isa = PBXBuildFile; fileRef = 9501BDC01CD8890F0003EB7A /* calculation.h */; };
/* End PBXBuildFile section */

/* Begin PBXCopyFilesBuildPhase section */
		9501BDA51CD11B7B0003EB7A /* CopyFiles */ = {
			isa = PBXCopyFilesBuildPhase;
			buildActionMask = 2147483647;
			dstPath = /usr/share/man/man1/;
			dstSubfolderSpec = 0;
			files = (
			);
			runOnlyForDeploymentPostprocessing = 1;
		};
/* End PBXCopyFilesBuildPhase section */

/* Begin PBXFileReference section */
		9501BDA71CD11B7B0003EB7A /* Basic calculator */ = {isa = PBXFileReference; explicitFileType = "compiled.mach-o.executable"; includeInIndex = 0; path = "Basic calculator"; sourceTree = BUILT_PRODUCTS_DIR; };
		9501BDAA1CD11B7B0003EB7A /* calculator-main.cpp */ = {isa = PBXFileReference; lastKnownFileType = sourcecode.cpp.cpp; path = "calculator-main.cpp"; sourceTree = "<group>"; };
		9501BDC01CD8890F0003EB7A /* calculation.h */ = {isa = PBXFileReference; fileEncoding = 4; lastKnownFileType = sourcecode.c.h; path = calculation.h; sourceTree = "<group>"; };
/* End PBXFileReference section */

/* Begin PBXFrameworksBuildPhase section */
		9501BDA41CD11B7B0003EB7A /* Frameworks */ = {
			isa = PBXFrameworksBuildPhase;
			buildActionMask = 2147483647;
			files = (
			);
			runOnlyForDeploymentPostprocessing = 0;
		};
/* End PBXFrameworksBuildPhase section */

/* Begin PBXGroup section */
		9501BD9E1CD11B7B0003EB7A = {
			isa = PBXGroup;
			children = (
				9501BDA91CD11B7B0003EB7A /* Calculator */,
				9501BDA81CD11B7B0003EB7A /* Products */,
			);
			sourceTree = "<group>";
		};
		9501BDA81CD11B7B0003EB7A /* Products */ = {
			isa = PBXGroup;
			children = (
				9501BDA71CD11B7B0003EB7A /* Basic calculator */,
			);
			name = Products;
			sourceTree = "<group>";
		};
		9501BDA91CD11B7B0003EB7A /* Calculator */ = {
			isa = PBXGroup;
			children = (
				9501BDAA1CD11B7B0003EB7A /* calculator-main.cpp */,
				9501BDC01CD8890F0003EB7A /* calculation.h */,
			);
			name = Calculator;
			path = mhhm;
			sourceTree = "<group>";
		};
/* End PBXGroup section */

/* Begin PBXNativeTarget section */
		9501BDA61CD11B7B0003EB7A /* Basic calculator */ = {
			isa = PBXNativeTarget;
			buildConfigurationList = 9501BDAE1CD11B7B0003EB7A /* Build configuration list for PBXNativeTarget "Basic calculator" */;
			buildPhases = (
				9501BDA31CD11B7B0003EB7A /* Sources */,
				9501BDA41CD11B7B0003EB7A /* Frameworks */,
				9501BDA51CD11B7B0003EB7A /* CopyFiles */,
			);
			buildRules = (
			);
			dependencies = (
			);
			name = "Basic calculator";
			productName = mhhm;
			productReference = 9501BDA71CD11B7B0003EB7A /* Basic calculator */;
			productType = "com.apple.product-type.tool";
		};
/* End PBXNativeTarget section */

/* Begin PBXProject section */
		9501BD9F1CD11B7B0003EB7A /* Project object */ = {
			isa = PBXProject;
			attributes = {
				LastUpgradeCheck = 0720;
				ORGANIZATIONNAME = "Darren Parkinson";
				TargetAttributes = {
					9501BDA61CD11B7B0003EB7A = {
						CreatedOnToolsVersion = 7.2.1;
					};
				};
			};
			buildConfigurationList = 9501BDA21CD11B7B0003EB7A /* Build configuration list for PBXProject "Basic calculator" */;
			compatibilityVersion = "Xcode 3.2";
			developmentRegion = English;
			hasScannedForEncodings = 0;
			knownRegions = (
				en,
			);
			mainGroup = 9501BD9E1CD11B7B0003EB7A;
			productRefGroup = 9501BDA81CD11B7B0003EB7A /* Products */;
			projectDirPath = "";
			projectRoot = "";
			targets = (
				9501BDA61CD11B7B0003EB7A /* Basic calculator */,
			);
		};
/* End PBXProject section */

/* Begin PBXSourcesBuildPhase section */
		9501BDA31CD11B7B0003EB7A /* Sources */ = {
			isa = PBXSourcesBuildPhase;
			buildActionMask = 2147483647;
			files = (
				9501BDAB1CD11B7B0003EB7A /* calculator-main.cpp in Sources */,
				9501BDD51CDA547F0003EB7A /* calculation.h in Sources */,
			);
			runOnlyForDeploymentPostprocessing = 0;
		};
/* End PBXSourcesBuildPhase section */

/* Begin XCBuildConfiguration section */
		9501BDAC1CD11B7B0003EB7A /* Debug */ = {
			isa = XCBuildConfiguration;
			buildSettings = {
				ALWAYS_SEARCH_USER_PATHS = NO;
				CLANG_CXX_LANGUAGE_STANDARD = "gnu++0x";
				CLANG_CXX_LIBRARY = "libc++";
				CLANG_ENABLE_MODULES = YES;
				CLANG_ENABLE_OBJC_ARC = YES;
				CLANG_WARN_BOOL_CONVERSION = YES;
				CLANG_WARN_CONSTANT_CONVERSION = YES;
				CLANG_WARN_DIRECT_OBJC_ISA_USAGE = YES_ERROR;
				CLANG_WARN_EMPTY_BODY = YES;
				CLANG_WARN_ENUM_CONVERSION = YES;
				CLANG_WARN_INT_CONVERSION = YES;
				CLANG_WARN_OBJC_ROOT_CLASS = YES_ERROR;
				CLANG_WARN_UNREACHABLE_CODE = YES;
				CLANG_WARN__DUPLICATE_METHOD_MATCH = YES;
				CODE_SIGN_IDENTITY = "-";
				COPY_PHASE_STRIP = NO;
				DEBUG_INFORMATION_FORMAT = dwarf;
				ENABLE_STRICT_OBJC_MSGSEND = YES;
				ENABLE_TESTABILITY = YES;
				GCC_C_LANGUAGE_STANDARD = gnu99;
				GCC_DYNAMIC_NO_PIC = NO;
				GCC_NO_COMMON_BLOCKS = YES;
				GCC_OPTIMIZATION_LEVEL = 0;
				GCC_PREPROCESSOR_DEFINITIONS = (
					"DEBUG=1",
					"$(inherited)",
				);
				GCC_WARN_64_TO_32_BIT_CONVERSION = YES;
				GCC_WARN_ABOUT_RETURN_TYPE = YES_ERROR;
				GCC_WARN_UNDECLARED_SELECTOR = YES;
				GCC_WARN_UNINITIALIZED_AUTOS = YES_AGGRESSIVE;
				GCC_WARN_UNUSED_FUNCTION = YES;
				GCC_WARN_UNUSED_VARIABLE = YES;
				MACOSX_DEPLOYMENT_TARGET = 10.11;
				MTL_ENABLE_DEBUG_INFO = YES;
				ONLY_ACTIVE_ARCH = YES;
				SDKROOT = macosx;
			};
			name = Debug;
		};
		9501BDAD1CD11B7B0003EB7A /* Release */ = {
			isa = XCBuildConfiguration;
			buildSettings = {
				ALWAYS_SEARCH_USER_PATHS = NO;
				CLANG_CXX_LANGUAGE_STANDARD = "gnu++0x";
				CLANG_CXX_LIBRARY = "libc++";
				CLANG_ENABLE_MODULES = YES;
				CLANG_ENABLE_OBJC_ARC = YES;
				CLANG_WARN_BOOL_CONVERSION = YES;
				CLANG_WARN_CONSTANT_CONVERSION = YES;
				CLANG_WARN_DIRECT_OBJC_ISA_USAGE = YES_ERROR;
				CLANG_WARN_EMPTY_BODY = YES;
				CLANG_WARN_ENUM_CONVERSION = YES;
				CLANG_WARN_INT_CONVERSION = YES;
				CLANG_WARN_OBJC_ROOT_CLASS = YES_ERROR;
				CLANG_WARN_UNREACHABLE_CODE = YES;
				CLANG_WARN__DUPLICATE_METHOD_MATCH = YES;
				CODE_SIGN_IDENTITY = "-";
				COPY_PHASE_STRIP = NO;
				DEBUG_INFORMATION_FORMAT = "dwarf-with-dsym";
				ENABLE_NS_ASSERTIONS = NO;
				ENABLE_STRICT_OBJC_MSGSEND = YES;
				GCC_C_LANGUAGE_STANDARD = gnu99;
				GCC_NO_COMMON_BLOCKS = YES;
				GCC_WARN_64_TO_32_BIT_CONVERSION = YES;
				GCC_WARN_ABOUT_RETURN_TYPE = YES_ERROR;
				GCC_WARN_UNDECLARED_SELECTOR = YES;
				GCC_WARN_UNINITIALIZED_AUTOS = YES_AGGRESSIVE;
				GCC_WARN_UNUSED_FUNCTION = YES;
				GCC_WARN_UNUSED_VARIABLE = YES;
				MACOSX_DEPLOYMENT_TARGET = 10.11;
				MTL_ENABLE_DEBUG_INFO = NO;
				SDKROOT = macosx;
			};
			name = Release;
		};
		9501BDAF1CD11B7B0003EB7A /* Debug */ = {
			isa = XCBuildConfiguration;
			buildSettings = {
				PRODUCT_NAME = "Basic calculator";
			};
			name = Debug;
		};
		9501BDB01CD11B7B0003EB7A /* Release */ = {
			isa = XCBuildConfiguration;
			buildSettings = {
				PRODUCT_NAME = "Basic calculator";
			};
			name = Release;
		};
/* End XCBuildConfiguration section */

/* Begin XCConfigurationList section */
		9501BDA21CD11B7B0003EB7A /* Build configuration list for PBXProject "Basic calculator" */ = {
			isa = XCConfigurationList;
			buildConfigurations = (
				9501BDAC1CD11B7B0003EB7A /* Debug */,
				9501BDAD1CD11B7B0003EB7A /* Release */,
			);
			defaultConfigurationIsVisible = 0;
			defaultConfigurationName = Release;
		};
		9501BDAE1CD11B7B0003EB7A /* Build configuration list for PBXNativeTarget "Basic calculator" */ = {
			isa = XCConfigurationList;
			buildConfigurations = (
				9501BDAF1CD11B7B0003EB7A /* Debug */,
				9501BDB01CD11B7B0003EB7A /* Release */,
			);
			defaultConfigurationIsVisible = 0;
		};
/* End XCConfigurationList section */
	};
	rootObject = 9501BD9F1CD11B7B0003EB7A /* Project object */;
}
